
Microsoft Visual Studio Solution File, Format Version 12.00
# Visual Studio Version 16
VisualStudioVersion = 16.0.28803.202
MinimumVisualStudioVersion = 10.0.40219.1
Project("{FAE04EC0-301F-11D3-BF4B-00C04F79EFBC}") = "QuickBuy.Dominio", "QuickBuy.Dominio\QuickBuy.Dominio.csproj", "{E4741592-B901-46F2-8DE5-FDFD77E9F09F}"
EndProject
Project("{FAE04EC0-301F-11D3-BF4B-00C04F79EFBC}") = "QuickBuy.Repositorio", "QuickBuy.Repositorio\QuickBuy.Repositorio.csproj", "{584628EB-70CA-47E6-B959-89BA904CF8BE}"
EndProject
Project("{FAE04EC0-301F-11D3-BF4B-00C04F79EFBC}") = "QuickBuy.Web", "QuickBuy.Web\QuickBuy.Web.csproj", "{6F1AED33-C402-4855-9A76-C52CA802AB10}"
EndProject
Global
	GlobalSection(SolutionConfigurationPlatforms) = preSolution
		Debug|Any CPU = Debug|Any CPU
		Release|Any CPU = Release|Any CPU
	EndGlobalSection
	GlobalSection(ProjectConfigurationPlatforms) = postSolution
		{E4741592-B901-46F2-8DE5-FDFD77E9F09F}.Debug|Any CPU.ActiveCfg = Debug|Any CPU
		{E4741592-B901-46F2-8DE5-FDFD77E9F09F}.Debug|Any CPU.Build.0 = Debug|Any CPU
		{E4741592-B901-46F2-8DE5-FDFD77E9F09F}.Release|Any CPU.ActiveCfg = Release|Any CPU
		{E4741592-B901-46F2-8DE5-FDFD77E9F09F}.Release|Any CPU.Build.0 = Release|Any CPU
		{584628EB-70CA-47E6-B959-89BA904CF8BE}.Debug|Any CPU.ActiveCfg = Debug|Any CPU
		{584628EB-70CA-47E6-B959-89BA904CF8BE}.Debug|Any CPU.Build.0 = Debug|Any CPU
		{584628EB-70CA-47E6-B959-89BA904CF8BE}.Release|Any CPU.ActiveCfg = Release|Any CPU
		{584628EB-70CA-47E6-B959-89BA904CF8BE}.Release|Any CPU.Build.0 = Release|Any CPU
		{6F1AED33-C402-4855-9A76-C52CA802AB10}.Debug|Any CPU.ActiveCfg = Debug|Any CPU
		{6F1AED33-C402-4855-9A76-C52CA802AB10}.Debug|Any CPU.Build.0 = Debug|Any CPU
		{6F1AED33-C402-4855-9A76-C52CA802AB10}.Release|Any CPU.ActiveCfg = Release|Any CPU
		{6F1AED33-C402-4855-9A76-C52CA802AB10}.Release|Any CPU.Build.0 = Release|Any CPU
	EndGlobalSection
	GlobalSection(SolutionProperties) = preSolution
		HideSolutionNode = FALSE
	EndGlobalSection
	GlobalSection(ExtensibilityGlobals) = postSolution
		SolutionGuid = {71DCBB95-AC0B-4620-A5F0-4FB00B2786DC}
	EndGlobalSection
EndGlobal
