
Microsoft Visual Studio Solution File, Format Version 12.00
# Visual Studio Version 16
VisualStudioVersion = 16.0.31019.35
MinimumVisualStudioVersion = 10.0.40219.1
Project("{9A19103F-16F7-4668-BE54-9A1E7A4F7556}") = "SamuraiApp.Domain", "SamuraiApp.Domain\SamuraiApp.Domain.csproj", "{D6FD55DF-DB33-438C-8660-7B2AA76CC95F}"
EndProject
Project("{9A19103F-16F7-4668-BE54-9A1E7A4F7556}") = "SamuraiApp.Data", "SamuraiApp.Data\SamuraiApp.Data.csproj", "{9DF1667B-6EC5-4EEE-908C-04CD0994A46A}"
EndProject
Project("{9A19103F-16F7-4668-BE54-9A1E7A4F7556}") = "ConsoleApp", "ConsoleApp\ConsoleApp.csproj", "{4A4583CC-1116-4BCE-AB0A-805DF23BC9EC}"
EndProject
Project("{FAE04EC0-301F-11D3-BF4B-00C04F79EFBC}") = "Tests", "Tests\Tests.csproj", "{23A4B835-230C-4D8E-B25E-D8AD2CE46D86}"
EndProject
Global
	GlobalSection(SolutionConfigurationPlatforms) = preSolution
		Debug|Any CPU = Debug|Any CPU
		Release|Any CPU = Release|Any CPU
	EndGlobalSection
	GlobalSection(ProjectConfigurationPlatforms) = postSolution
		{D6FD55DF-DB33-438C-8660-7B2AA76CC95F}.Debug|Any CPU.ActiveCfg = Debug|Any CPU
		{D6FD55DF-DB33-438C-8660-7B2AA76CC95F}.Debug|Any CPU.Build.0 = Debug|Any CPU
		{D6FD55DF-DB33-438C-8660-7B2AA76CC95F}.Release|Any CPU.ActiveCfg = Release|Any CPU
		{D6FD55DF-DB33-438C-8660-7B2AA76CC95F}.Release|Any CPU.Build.0 = Release|Any CPU
		{9DF1667B-6EC5-4EEE-908C-04CD0994A46A}.Debug|Any CPU.ActiveCfg = Debug|Any CPU
		{9DF1667B-6EC5-4EEE-908C-04CD0994A46A}.Debug|Any CPU.Build.0 = Debug|Any CPU
		{9DF1667B-6EC5-4EEE-908C-04CD0994A46A}.Release|Any CPU.ActiveCfg = Release|Any CPU
		{9DF1667B-6EC5-4EEE-908C-04CD0994A46A}.Release|Any CPU.Build.0 = Release|Any CPU
		{4A4583CC-1116-4BCE-AB0A-805DF23BC9EC}.Debug|Any CPU.ActiveCfg = Debug|Any CPU
		{4A4583CC-1116-4BCE-AB0A-805DF23BC9EC}.Debug|Any CPU.Build.0 = Debug|Any CPU
		{4A4583CC-1116-4BCE-AB0A-805DF23BC9EC}.Release|Any CPU.ActiveCfg = Release|Any CPU
		{4A4583CC-1116-4BCE-AB0A-805DF23BC9EC}.Release|Any CPU.Build.0 = Release|Any CPU
		{23A4B835-230C-4D8E-B25E-D8AD2CE46D86}.Debug|Any CPU.ActiveCfg = Debug|Any CPU
		{23A4B835-230C-4D8E-B25E-D8AD2CE46D86}.Debug|Any CPU.Build.0 = Debug|Any CPU
		{23A4B835-230C-4D8E-B25E-D8AD2CE46D86}.Release|Any CPU.ActiveCfg = Release|Any CPU
		{23A4B835-230C-4D8E-B25E-D8AD2CE46D86}.Release|Any CPU.Build.0 = Release|Any CPU
	EndGlobalSection
	GlobalSection(SolutionProperties) = preSolution
		HideSolutionNode = FALSE
	EndGlobalSection
	GlobalSection(ExtensibilityGlobals) = postSolution
		SolutionGuid = {E68312F0-7A0C-4073-A82F-2BE18CD665B8}
	EndGlobalSection
EndGlobal
