# THIS IS AN AUTOGENERATED FILE. DO NOT EDIT THIS FILE DIRECTLY.
# yarn lockfile v1


vue@2.5:
  version "2.5.22"
  resolved "https://registry.yarnpkg.com/vue/-/vue-2.5.22.tgz#3bf88041af08b8539c37b268b70ca79245e9cc30"
  integrity sha512-pxY3ZHlXNJMFQbkjEgGVMaMMkSV1ONpz+4qB55kZuJzyJOhn6MSy/YZdzhdnumegNzVTL/Dn3Pp4UrVBYt1j/g==

vuew@^1.0.0-security:
  version "1.0.0-security"
  resolved "https://registry.yarnpkg.com/vuew/-/vuew-1.0.0-security.tgz#16821451db2a4bf3da73f830351ad8115fa2d6f8"
  integrity sha512-4jK3JubW7J+Kc4Hng5OK4tQCh+ESJpTGOBfsPWQ2svdEal6llacgjF0NuiqeZF9NYK7v2PJEXHRsR8i1i7ZpzA==
